[[package]]
category = "main"
description = "Low-level AMQP client for Python (fork of amqplib)."
name = "amqp"
optional = false
python-versions = ">=2.7, !=3.0.*, !=3.1.*, !=3.2.*, !=3.3.*, !=3.4.*"
version = "2.5.2"

[package.dependencies]
vine = ">=1.1.3,<5.0.0a1"

[[package]]
category = "main"
description = "Radically simple IT automation"
name = "ansible"
optional = false
python-versions = ">=2.7,!=3.0.*,!=3.1.*,!=3.2.*,!=3.3.*,!=3.4.*"
version = "2.9.2"

[[package]]
category = "dev"
description = "A small Python module for determining appropriate platform-specific dirs, e.g. a \"user data dir\"."
name = "appdirs"
optional = false
python-versions = "*"
version = "1.4.3"

[[package]]
category = "dev"
description = "An abstract syntax tree for Python with inference support."
name = "astroid"
optional = false
python-versions = ">=3.5.*"
version = "2.3.3"

[package.dependencies]
lazy-object-proxy = ">=1.4.0,<1.5.0"
six = ">=1.12,<2.0"
wrapt = ">=1.11.0,<1.12.0"

[package.dependencies.typed-ast]
python = "<3.8"
version = ">=1.4.0,<1.5"

[[package]]
category = "dev"
description = "Atomic file writes."
marker = "sys_platform == \"win32\""
name = "atomicwrites"
optional = false
python-versions = ">=2.7, !=3.0.*, !=3.1.*, !=3.2.*, !=3.3.*"
version = "1.3.0"

[[package]]
category = "dev"
description = "Classes Without Boilerplate"
name = "attrs"
optional = false
python-versions = ">=2.7, !=3.0.*, !=3.1.*, !=3.2.*, !=3.3.*"
version = "19.3.0"

[[package]]
category = "dev"
description = "Removes unused imports and unused variables"
name = "autoflake"
optional = false
python-versions = "*"
version = "1.3.1"

[package.dependencies]
pyflakes = ">=1.1.0"

[[package]]
category = "main"
description = "Universal Command Line Environment for AWS."
name = "awscli"
optional = false
python-versions = "*"
version = "1.16.309"

[package.dependencies]
botocore = "1.13.45"
docutils = ">=0.10,<0.16"
rsa = ">=3.1.2,<=3.5.0"
s3transfer = ">=0.2.0,<0.3.0"

[package.dependencies.PyYAML]
python = "<2.6.0 || >=2.7.0,<3.3.0 || >=3.4.0"
version = ">=3.10,<5.3"

[package.dependencies.colorama]
python = "<2.6.0 || >=2.7.0,<3.3.0 || >=3.4.0"
version = ">=0.2.5,<0.4.2"

[[package]]
category = "main"
description = "Python multiprocessing fork with improvements and bugfixes"
name = "billiard"
optional = false
python-versions = "*"
version = "3.6.3.0"

[[package]]
category = "dev"
description = "The uncompromising code formatter."
name = "black"
optional = false
python-versions = ">=3.6"
version = "19.10b0"

[package.dependencies]
appdirs = "*"
attrs = ">=18.1.0"
click = ">=6.5"
pathspec = ">=0.6,<1"
regex = "*"
toml = ">=0.9.4"
typed-ast = ">=1.4.0"

[[package]]
category = "main"
description = "Amazon Web Services Library"
name = "boto"
optional = false
python-versions = "*"
version = "2.49.0"

[[package]]
category = "main"
description = "Low-level, data-driven core of boto 3."
name = "botocore"
optional = false
python-versions = "*"
version = "1.13.45"

[package.dependencies]
docutils = ">=0.10,<0.16"
jmespath = ">=0.7.1,<1.0.0"

[package.dependencies.python-dateutil]
python = ">=2.7"
version = ">=2.1,<3.0.0"

[package.dependencies.urllib3]
python = ">=3.4"
version = ">=1.20,<1.26"

[[package]]
category = "main"
description = "Version-bump your software with a single command!"
name = "bump2version"
optional = false
python-versions = ">=2.7, !=3.0.*, !=3.1.*, !=3.2.*, !=3.3.*, !=3.4.*"
version = "0.5.11"

[[package]]
category = "main"
description = "Distributed Task Queue."
name = "celery"
optional = false
python-versions = ">=2.7, !=3.0.*, !=3.1.*, !=3.2.*, !=3.3.*, !=3.4.*,"
version = "4.4.0"

[package.dependencies]
billiard = ">=3.6.1,<4.0"
kombu = ">=4.6.7,<4.7"
pytz = ">0.0-dev"
vine = "1.3.0"

[[package]]
category = "dev"
description = "Validate configuration and produce human readable error messages."
name = "cfgv"
optional = false
python-versions = ">=3.6.1"
version = "3.1.0"

[[package]]
category = "dev"
description = "Composable command line interface toolkit"
name = "click"
optional = false
python-versions = ">=2.7, !=3.0.*, !=3.1.*, !=3.2.*, !=3.3.*"
version = "7.0"

[[package]]
category = "main"
description = "Cross-platform colored terminal text."
marker = "python_version != \"2.6\" and python_version != \"3.3\" or sys_platform == \"win32\""
name = "colorama"
optional = false
python-versions = ">=2.7, !=3.0.*, !=3.1.*, !=3.2.*, !=3.3.*"
version = "0.4.1"

[[package]]
category = "dev"
description = "Code coverage measurement for Python"
name = "coverage"
optional = false
python-versions = ">=2.7, !=3.0.*, !=3.1.*, !=3.2.*, !=3.3.*, !=3.4.*, <4"
version = "5.0.3"

[[package]]
category = "dev"
description = "The Cython compiler for writing C extensions for the Python language."
name = "cython"
optional = false
python-versions = ">=2.6, !=3.0.*, !=3.1.*, !=3.2.*"
version = "0.29.15"

[[package]]
category = "dev"
description = "Distribution utilities"
name = "distlib"
optional = false
python-versions = "*"
version = "0.3.0"

[[package]]
category = "main"
description = "A high-level Python Web framework that encourages rapid development and clean, pragmatic design."
name = "django"
optional = false
python-versions = ">=3.5"
version = "2.2.6"

[package.dependencies]
pytz = "*"
sqlparse = "*"

[[package]]
category = "main"
description = "Celery result backends for Django."
name = "django-celery-results"
optional = false
python-versions = "*"
version = "1.1.2"

[package.dependencies]
celery = ">=4.3,<5.0"

[[package]]
category = "main"
description = "Full featured redis cache backend for Django."
name = "django-redis"
optional = false
python-versions = ">=3.5"
version = "4.11.0"

[package.dependencies]
Django = ">=1.11"
redis = ">=2.10.0"

[[package]]
category = "main"
description = "A Django application that provides a fully functional TinyMCE 4 editor widget for models and forms."
name = "django-tinymce4-lite"
optional = false
python-versions = "*"
version = "1.7.5"

[package.dependencies]
Django = ">=1.8.0"
jsmin = "*"

[[package]]
category = "main"
description = "Docutils -- Python Documentation Utilities"
name = "docutils"
optional = false
python-versions = ">=2.6, !=3.0.*, !=3.1.*, !=3.2.*"
version = "0.15.2"

[[package]]
category = "dev"
description = "A platform independent file lock."
name = "filelock"
optional = false
python-versions = "*"
version = "3.0.12"

[[package]]
category = "dev"
description = "File identification library for Python"
name = "identify"
optional = false
python-versions = "!=3.0.*,!=3.1.*,!=3.2.*,!=3.3.*,>=2.7"
version = "1.4.11"

[[package]]
category = "main"
description = "Read metadata from Python packages"
marker = "python_version < \"3.8\""
name = "importlib-metadata"
optional = false
python-versions = "!=3.0.*,!=3.1.*,!=3.2.*,!=3.3.*,!=3.4.*,>=2.7"
version = "1.5.0"

[package.dependencies]
zipp = ">=0.5"

[[package]]
category = "dev"
description = "Read resources from Python packages"
marker = "python_version < \"3.7\""
name = "importlib-resources"
optional = false
python-versions = "!=3.0.*,!=3.1.*,!=3.2.*,!=3.3.*,!=3.4.*,>=2.7"
version = "1.3.1"

[package.dependencies]
[package.dependencies.importlib-metadata]
python = "<3.8"
version = "*"

[package.dependencies.zipp]
python = "<3.8"
version = ">=0.4"

[[package]]
category = "dev"
description = "A Python utility / library to sort Python imports."
name = "isort"
optional = false
python-versions = ">=2.7, !=3.0.*, !=3.1.*, !=3.2.*, !=3.3.*"
version = "4.3.21"

[[package]]
category = "main"
description = "JSON Matching Expressions"
name = "jmespath"
optional = false
python-versions = "*"
version = "0.9.5"

[[package]]
category = "main"
description = "JavaScript minifier."
name = "jsmin"
optional = false
python-versions = "*"
version = "2.2.2"

[[package]]
category = "main"
description = "Messaging library for Python."
name = "kombu"
optional = false
python-versions = ">=2.7, !=3.0.*, !=3.1.*, !=3.2.*, !=3.3.*, !=3.4.*"
version = "4.6.8"

[package.dependencies]
amqp = ">=2.5.2,<2.6"

[package.dependencies.importlib-metadata]
python = "<3.8"
version = ">=0.18"

[[package]]
category = "dev"
description = "A fast and thorough lazy object proxy."
name = "lazy-object-proxy"
optional = false
python-versions = ">=2.7, !=3.0.*, !=3.1.*, !=3.2.*, !=3.3.*"
version = "1.4.3"

[[package]]
category = "dev"
description = "McCabe checker, plugin for flake8"
name = "mccabe"
optional = false
python-versions = "*"
version = "0.6.1"

[[package]]
category = "dev"
description = "More routines for operating on iterables, beyond itertools"
name = "more-itertools"
optional = false
python-versions = ">=3.5"
version = "8.2.0"

[[package]]
category = "dev"
description = "Node.js virtual environment builder"
name = "nodeenv"
optional = false
python-versions = "*"
version = "1.3.5"

[[package]]
category = "dev"
description = "Core utilities for Python packages"
name = "packaging"
optional = false
python-versions = ">=2.7, !=3.0.*, !=3.1.*, !=3.2.*, !=3.3.*"
version = "20.3"

[package.dependencies]
pyparsing = ">=2.0.2"
six = "*"

[[package]]
category = "dev"
description = "Utility library for gitignore style pattern matching of file paths."
name = "pathspec"
optional = false
python-versions = ">=2.7, !=3.0.*, !=3.1.*, !=3.2.*, !=3.3.*, !=3.4.*"
version = "0.7.0"

[[package]]
category = "main"
description = "Python Imaging Library (Fork)"
name = "pillow"
optional = false
python-versions = ">=2.7, !=3.0.*, !=3.1.*, !=3.2.*, !=3.3.*, !=3.4.*"
version = "6.2.1"

[[package]]
category = "dev"
description = "plugin and hook calling mechanisms for python"
name = "pluggy"
optional = false
python-versions = ">=2.7, !=3.0.*, !=3.1.*, !=3.2.*, !=3.3.*"
version = "0.13.1"

[package.dependencies]
[package.dependencies.importlib-metadata]
python = "<3.8"
version = ">=0.12"

[[package]]
category = "dev"
description = "A framework for managing and maintaining multi-language pre-commit hooks."
name = "pre-commit"
optional = false
python-versions = ">=3.6"
version = "2.1.1"

[package.dependencies]
cfgv = ">=2.0.0"
identify = ">=1.0.0"
nodeenv = ">=0.11.1"
pyyaml = ">=5.1"
toml = "*"
virtualenv = ">=15.2"

[package.dependencies.importlib-metadata]
python = "<3.8"
version = "*"

[package.dependencies.importlib-resources]
python = "<3.7"
version = "*"

[[package]]
category = "main"
description = "psycopg2 - Python-PostgreSQL Database Adapter"
name = "psycopg2"
optional = false
python-versions = "*"
version = "2.7.1"

[[package]]
category = "dev"
description = "library with cross-python path, ini-parsing, io, code, log facilities"
name = "py"
optional = false
python-versions = ">=2.7, !=3.0.*, !=3.1.*, !=3.2.*, !=3.3.*"
version = "1.8.1"

[[package]]
category = "main"
description = "ASN.1 types and codecs"
name = "pyasn1"
optional = false
python-versions = "*"
version = "0.4.8"

[[package]]
category = "dev"
description = "passive checker of Python programs"
name = "pyflakes"
optional = false
python-versions = ">=2.7, !=3.0.*, !=3.1.*, !=3.2.*, !=3.3.*"
version = "2.1.1"

[[package]]
category = "dev"
description = "python code static checker"
name = "pylint"
optional = false
python-versions = ">=3.5.*"
version = "2.4.4"

[package.dependencies]
astroid = ">=2.3.0,<2.4"
colorama = "*"
isort = ">=4.2.5,<5"
mccabe = ">=0.6,<0.7"

[[package]]
category = "dev"
description = "Python parsing module"
name = "pyparsing"
optional = false
python-versions = ">=2.6, !=3.0.*, !=3.1.*, !=3.2.*"
version = "2.4.6"

[[package]]
category = "dev"
description = "pytest: simple powerful testing with Python"
name = "pytest"
optional = false
python-versions = ">=3.5"
version = "5.3.5"

[package.dependencies]
atomicwrites = ">=1.0"
attrs = ">=17.4.0"
colorama = "*"
more-itertools = ">=4.0.0"
packaging = "*"
pluggy = ">=0.12,<1.0"
py = ">=1.5.0"
wcwidth = "*"

[package.dependencies.importlib-metadata]
python = "<3.8"
version = ">=0.12"

[[package]]
category = "dev"
description = "Pytest plugin for measuring coverage."
name = "pytest-cov"
optional = false
python-versions = ">=2.7, !=3.0.*, !=3.1.*, !=3.2.*, !=3.3.*"
version = "2.8.1"

[package.dependencies]
coverage = ">=4.4"
pytest = ">=3.6"

[[package]]
category = "dev"
description = "pytest plugin for test data directories and files"
name = "pytest-datadir"
optional = false
python-versions = ">=2.7, !=3.0.*, !=3.1.*, !=3.2.*, !=3.3.*"
version = "1.3.1"

[package.dependencies]
pytest = ">=2.7.0"

[[package]]
category = "dev"
description = "py.test plugin that allows you to add environment variables."
name = "pytest-env"
optional = false
python-versions = "*"
version = "0.6.2"

[package.dependencies]
pytest = ">=2.6.0"

[[package]]
category = "dev"
description = "pytest plugin to run your tests in a specific order"
name = "pytest-ordering"
optional = false
python-versions = "*"
version = "0.6"

[package.dependencies]
pytest = "*"

[[package]]
category = "dev"
description = "Easy to use fixtures to write regression tests."
name = "pytest-regressions"
optional = false
python-versions = ">=3.6"
version = "2.0.0"

[package.dependencies]
pytest = ">=3.5.0"
pytest-datadir = ">=1.2.0"
pyyaml = "*"

[[package]]
category = "dev"
description = "selects tests affected by changed files and methods"
name = "pytest-testmon"
optional = false
python-versions = ">=3.6"
version = "1.0.2"

[package.dependencies]
coverage = ">=4,<6"
pytest = ">=5,<6"

[[package]]
category = "main"
description = "Extensions to the standard Python datetime module"
marker = "python_version >= \"2.7\""
name = "python-dateutil"
optional = false
python-versions = "!=3.0.*,!=3.1.*,!=3.2.*,>=2.7"
version = "2.8.1"

[package.dependencies]
six = ">=1.5"

[[package]]
category = "main"
description = "World timezone definitions, modern and historical"
name = "pytz"
optional = false
python-versions = "*"
version = "2019.3"

[[package]]
category = "main"
description = "YAML parser and emitter for Python"
name = "pyyaml"
optional = false
python-versions = ">=2.7, !=3.0.*, !=3.1.*, !=3.2.*, !=3.3.*"
version = "5.2"

[[package]]
category = "main"
description = "Python client for Redis key-value store"
name = "redis"
optional = false
python-versions = ">=2.7, !=3.0.*, !=3.1.*, !=3.2.*, !=3.3.*, !=3.4.*"
version = "3.4.1"

[[package]]
category = "dev"
description = "Alternative regular expression module, to replace re."
name = "regex"
optional = false
python-versions = "*"
version = "2020.2.20"

[[package]]
category = "main"
description = "Pure-Python RSA implementation"
name = "rsa"
optional = false
python-versions = "*"
version = "3.4.2"

[package.dependencies]
pyasn1 = ">=0.1.3"

[[package]]
category = "main"
description = "An Amazon S3 Transfer Manager"
name = "s3transfer"
optional = false
python-versions = "*"
version = "0.2.1"

[package.dependencies]
botocore = ">=1.12.36,<2.0.0"

[[package]]
category = "dev"
description = "the blessed package to manage your versions by scm tags"
name = "setuptools-scm"
optional = false
python-versions = ">=2.7, !=3.0.*, !=3.1.*, !=3.2.*, !=3.3.*"
version = "3.5.0"

[[package]]
category = "main"
description = "Python 2 and 3 compatibility utilities"
name = "six"
optional = false
python-versions = ">=2.7, !=3.0.*, !=3.1.*, !=3.2.*"
version = "1.14.0"

[[package]]
category = "main"
description = "Non-validating SQL parser"
name = "sqlparse"
optional = false
python-versions = ">=2.7, !=3.0.*, !=3.1.*, !=3.2.*, !=3.3.*"
version = "0.3.1"

[[package]]
category = "dev"
description = "Python Library for Tom's Obvious, Minimal Language"
name = "toml"
optional = false
python-versions = "*"
version = "0.10.0"

[[package]]
category = "dev"
description = "a fork of Python 2 and 3 ast modules with type comment support"
name = "typed-ast"
optional = false
python-versions = "*"
version = "1.4.1"

[[package]]
category = "main"
description = "HTTP library with thread-safe connection pooling, file post, and more."
marker = "python_version >= \"3.4\""
name = "urllib3"
optional = false
python-versions = ">=2.7, !=3.0.*, !=3.1.*, !=3.2.*, !=3.3.*, !=3.4.*, <4"
version = "1.25.8"

[[package]]
category = "main"
description = "Promises, promises, promises."
name = "vine"
optional = false
python-versions = ">=2.7, !=3.0.*, !=3.1.*, !=3.2.*, !=3.3.*"
version = "1.3.0"

[[package]]
category = "dev"
description = "Virtual Python Environment builder"
name = "virtualenv"
optional = false
python-versions = "!=3.0.*,!=3.1.*,!=3.2.*,!=3.3.*,>=2.7"
version = "20.0.8"

[package.dependencies]
appdirs = ">=1.4.3,<2"
distlib = ">=0.3.0,<1"
filelock = ">=3.0.0,<4"
six = ">=1.9.0,<2"

[package.dependencies.importlib-metadata]
python = "<3.8"
version = ">=0.12,<2"

[package.dependencies.importlib-resources]
python = "<3.7"
version = ">=1.0,<2"

[[package]]
category = "dev"
description = "Measures number of Terminal column cells of wide-character codes"
name = "wcwidth"
optional = false
python-versions = "*"
version = "0.1.8"

[[package]]
category = "dev"
description = "Module for decorators, wrappers and monkey patching."
name = "wrapt"
optional = false
python-versions = "*"
version = "1.11.2"

[[package]]
category = "main"
description = "Backport of pathlib-compatible object wrapper for zip files"
marker = "python_version < \"3.8\""
name = "zipp"
optional = false
python-versions = ">=3.6"
version = "3.1.0"

[metadata]
content-hash = "494bb831e35549a5964e1388c0f7d1aeda7b67fc7f210eae6a3331c2af0ed4d9"
python-versions = "3.6.9"

[metadata.hashes]
amqp = ["6e649ca13a7df3faacdc8bbb280aa9a6602d22fd9d545336077e573a1f4ff3b8", "77f1aef9410698d20eaeac5b73a87817365f457a507d82edf292e12cbb83b08d"]
ansible = ["2f83f8ccc50640aa41a24f6e7757ac06b0ee6189fdcaacab68851771d3b42f3a"]
appdirs = ["9e5896d1372858f8dd3344faf4e5014d21849c756c8d5701f78f8a103b372d92", "d8b24664561d0d34ddfaec54636d502d7cea6e29c3eaf68f3df6180863e2166e"]
astroid = ["71ea07f44df9568a75d0f354c49143a4575d90645e9fead6dfb52c26a85ed13a", "840947ebfa8b58f318d42301cf8c0a20fd794a33b61cc4638e28e9e61ba32f42"]
atomicwrites = ["03472c30eb2c5d1ba9227e4c2ca66ab8287fbfbbda3888aa93dc2e28fc6811b4", "75a9445bac02d8d058d5e1fe689654ba5a6556a1dfd8ce6ec55a0ed79866cfa6"]
attrs = ["08a96c641c3a74e44eb59afb61a24f2cb9f4d7188748e76ba4bb5edfa3cb7d1c", "f7b7ce16570fe9965acd6d30101a28f62fb4a7f9e926b3bbc9b61f8b04247e72"]
autoflake = ["680cb9dade101ed647488238ccb8b8bfb4369b53d58ba2c8cdf7d5d54e01f95b"]
awscli = ["05287fda0a9c601521fe5a3deb4b405a677198215de6076e4f3004af3a20c8cd", "c579cc90da0693a21faf1fc817534d2d1fa591340125e9f61ea844fc1a7fa017"]
billiard = ["bff575450859a6e0fbc2f9877d9b715b0bbc07c3565bb7ed2280526a0cdf5ede", "d91725ce6425f33a97dfa72fb6bfef0e47d4652acd98a032bd1a7fbf06d5fa6a"]
black = ["1b30e59be925fafc1ee4565e5e08abef6b03fe455102883820fe5ee2e4734e0b", "c2edb73a08e9e0e6f65a0e6af18b059b8b1cdd5bef997d7a0b181df93dc81539"]
boto = ["147758d41ae7240dc989f0039f27da8ca0d53734be0eb869ef16e3adcfa462e8", "ea0d3b40a2d852767be77ca343b58a9e3a4b00d9db440efb8da74b4e58025e5a"]
botocore = ["88ee646f7a0fe6a418681c6f119a590fae23d8439c48c2aec6878f7f89430b1f", "f48ba1ef04b25323c1d27fa6399795baa0ca9d316911b87be4d33acda5cef07c"]
bump2version = ["524bde030318fe2543038defe0f77739605636fef96924883813cb290cf79c1e", "bfcc051498dda9fd9ac8634689f4516e1c20fdeeace3278932cc6e1248418b36"]
celery = ["7c544f37a84a5eadc44cab1aa8c9580dff94636bb81978cdf9bf8012d9ea7d8f", "d3363bb5df72d74420986a435449f3c3979285941dff57d5d97ecba352a0e3e2"]
cfgv = ["1ccf53320421aeeb915275a196e23b3b8ae87dea8ac6698b1638001d4a486d53", "c8e8f552ffcc6194f4e18dd4f68d9aef0c0d58ae7e7be8c82bee3c5e9edfa513"]
click = ["2335065e6395b9e67ca716de5f7526736bfa6ceead690adf616d925bdc622b13", "5b94b49521f6456670fdb30cd82a4eca9412788a93fa6dd6df72c94d5a8ff2d7"]
colorama = ["05eed71e2e327246ad6b38c540c4a3117230b19679b875190486ddd2d721422d", "f8ac84de7840f5b9c4e3347b3c1eaa50f7e49c2b07596221daec5edaabbd7c48"]
coverage = ["15cf13a6896048d6d947bf7d222f36e4809ab926894beb748fc9caa14605d9c3", "1daa3eceed220f9fdb80d5ff950dd95112cd27f70d004c7918ca6dfc6c47054c", "1e44a022500d944d42f94df76727ba3fc0a5c0b672c358b61067abb88caee7a0", "25dbf1110d70bab68a74b4b9d74f30e99b177cde3388e07cc7272f2168bd1477", "3230d1003eec018ad4a472d254991e34241e0bbd513e97a29727c7c2f637bd2a", "3dbb72eaeea5763676a1a1efd9b427a048c97c39ed92e13336e726117d0b72bf", "5012d3b8d5a500834783689a5d2292fe06ec75dc86ee1ccdad04b6f5bf231691", "51bc7710b13a2ae0c726f69756cf7ffd4362f4ac36546e243136187cfcc8aa73", "527b4f316e6bf7755082a783726da20671a0cc388b786a64417780b90565b987", "722e4557c8039aad9592c6a4213db75da08c2cd9945320220634f637251c3894", "76e2057e8ffba5472fd28a3a010431fd9e928885ff480cb278877c6e9943cc2e", "77afca04240c40450c331fa796b3eab6f1e15c5ecf8bf2b8bee9706cd5452fef", "7afad9835e7a651d3551eab18cbc0fdb888f0a6136169fbef0662d9cdc9987cf", "9bea19ac2f08672636350f203db89382121c9c2ade85d945953ef3c8cf9d2a68", "a8b8ac7876bc3598e43e2603f772d2353d9931709345ad6c1149009fd1bc81b8", "b0840b45187699affd4c6588286d429cd79a99d509fe3de0f209594669bb0954", "b26aaf69713e5674efbde4d728fb7124e429c9466aeaf5f4a7e9e699b12c9fe2", "b63dd43f455ba878e5e9f80ba4f748c0a2156dde6e0e6e690310e24d6e8caf40", "be18f4ae5a9e46edae3f329de2191747966a34a3d93046dbdf897319923923bc", "c312e57847db2526bc92b9bfa78266bfbaabac3fdcd751df4d062cd4c23e46dc", "c60097190fe9dc2b329a0eb03393e2e0829156a589bd732e70794c0dd804258e", "c62a2143e1313944bf4a5ab34fd3b4be15367a02e9478b0ce800cb510e3bbb9d", "cc1109f54a14d940b8512ee9f1c3975c181bbb200306c6d8b87d93376538782f", "cd60f507c125ac0ad83f05803063bed27e50fa903b9c2cfee3f8a6867ca600fc", "d513cc3db248e566e07a0da99c230aca3556d9b09ed02f420664e2da97eac301", "d649dc0bcace6fcdb446ae02b98798a856593b19b637c1b9af8edadf2b150bea", "d7008a6796095a79544f4da1ee49418901961c97ca9e9d44904205ff7d6aa8cb", "da93027835164b8223e8e5af2cf902a4c80ed93cb0909417234f4a9df3bcd9af", "e69215621707119c6baf99bda014a45b999d37602cb7043d943c76a59b05bf52", "ea9525e0fef2de9208250d6c5aeeee0138921057cd67fcef90fbed49c4d62d37", "fca1669d464f0c9831fd10be2eef6b86f5ebd76c724d1e0706ebdff86bb4adf0"]
cython = ["01d566750e7c08e5f094419f8d1ee90e7fa286d8d77c4569748263ed5f05280a", "072cb90e2fe4b5cc27d56de12ec5a00311eee781c2d2e3f7c98a82319103c7ed", "0e078e793a9882bf48194b8b5c9b40c75769db1859cd90b210a4d7bf33cda2b1", "1a3842be21d1e25b7f3440a0c881ef44161937273ea386c30c0e253e30c63740", "1dc973bdea03c65f03f41517e4f0fc2b717d71cfbcf4ec34adac7e5bee71303e", "214a53257c100e93e7673e95ab448d287a37626a3902e498025993cc633647ae", "30462d61e7e290229a64e1c3682b4cc758ffc441e59cc6ce6fae059a05df305b", "34004f60b1e79033b0ca29b9ab53a86c12bcaab56648b82fbe21c007cd73d867", "34c888a57f419c63bef63bc0911c5bb407b93ed5d6bdeb1587dca2cd1dd56ad1", "3dd0cba13b36ff969232930bd6db08d3da0798f1fac376bd1fa4458f4b55d802", "4e5acf3b856a50d0aaf385f06a7b56a128a296322a9740f5f279c96619244308", "60d859e1efa5cc80436d58aecd3718ff2e74b987db0518376046adedba97ac30", "61e505379497b624d6316dd67ef8100aaadca0451f48f8c6fff8d622281cd121", "6f6de0bee19c70cb01e519634f0c35770de623006e4876e649ee4a960a147fec", "77ac051b7caf02938a32ea0925f558534ab2a99c0c98c681cc905e3e8cba506e", "7e4d74515d92c4e2be7201aaef7a51705bd3d5957df4994ddfe1b252195b5e27", "7ea18a5c87cacdd6e4feacf8badf13643775b6f69c3aa8b50417834b9ce0e627", "993837bbf0849e3b176e1ef6a50e9b8c2225e895501b85d56f4bb65a67f5ea25", "9a5f0cf8b95c0c058e413679a650f70dcc97764ccb2a6d5ccc6b08d44c9b334c", "9f2839396d21d5537bc9ff53772d44db39b0efb6bf8b6cac709170483df53a5b", "b8ba4b4ee3addc26bc595a51b6240b05a80e254b946d624fff6506439bc323d1", "bb6d90180eff72fc5a30099c442b8b0b5a620e84bf03ef32a55e3f7bd543f32e", "c3d778304209cc39f8287da22f2180f34d2c2ee46cd55abd82e48178841b37b1", "c562bc316040097e21357e783286e5eca056a5b2750e89d9d75f9541c156b6dc", "d114f9c0164df8fcd2880e4ba96986d7b0e7218f6984acc4989ff384c5d3d512", "d282b030ed5c736e4cdb1713a0c4fad7027f4e3959dc4b8fdb7c75042d83ed1b", "d8c73fe0ec57a0e4fdf5d2728b5e18b63980f55f1baf51b6bac6a73e8cbb7186", "e5c8f4198e25bc4b0e4a884377e0c0e46ca273993679e3bcc212ef96d4211b83", "e7f1dcc0e8c3e18fa2fddca4aecdf71c5651555a8dc9a0cd3a1d164cbce6cb35", "ea3b61bff995de49b07331d1081e0056ea29901d3e995aa989073fe2b1be0cb7", "ea5f987b4da530822fa797cf2f010193be77ea9e232d07454e3194531edd8e58", "f91b16e73eca996f86d1943be3b2c2b679b03e068ed8c82a5506c1e65766e4a6"]
distlib = ["2e166e231a26b36d6dfe35a48c4464346620f8645ed0ace01ee31822b288de21"]
django = ["4025317ca01f75fc79250ff7262a06d8ba97cd4f82e93394b2a0a6a4a925caeb", "a8ca1033acac9f33995eb2209a6bf18a4681c3e5269a878e9a7e0b7384ed1ca3"]
django-celery-results = ["932277e9382528f74778b30cf90e17941cba577b7d73cee09ed55e4972972c32", "e735dc3e705a0e21afc3b6fa2918ec388258145fcbaad3727c493c5707d25034"]
django-redis = ["a5b1e3ffd3198735e6c529d9bdf38ca3fcb3155515249b98dc4d966b8ddf9d2b", "e1aad4cc5bd743d8d0b13d5cae0cef5410eaace33e83bff5fc3a139ad8db50b4"]
django-tinymce4-lite = ["e6776bc5b2c7237705fea18668574bc1c4dff36babc90c99a2bb7b5d636eb5e8", "f0958117ddacc72596e80746729e02a727264413ab54b799f3b697a44e054e87"]
docutils = ["6c4f696463b79f1fb8ba0c594b63840ebd41f059e92b31957c46b74a4599b6d0", "9e4d7ecfc600058e07ba661411a2b7de2fd0fafa17d1a7f7361cd47b1175c827", "a2aeea129088da402665e92e0b25b04b073c04b2dce4ab65caaa38b7ce2e1a99"]
filelock = ["18d82244ee114f543149c66a6e0c14e9c4f8a1044b5cdaadd0f82159d6a6ff59", "929b7d63ec5b7d6b71b0fa5ac14e030b3f70b75747cef1b10da9b879fef15836"]
identify = ["1222b648251bdcb8deb240b294f450fbf704c7984e08baa92507e4ea10b436d5", "d824ebe21f38325c771c41b08a95a761db1982f1fc0eee37c6c97df3f1636b96"]
importlib-metadata = ["06f5b3a99029c7134207dd882428a66992a9de2bef7c2b699b5641f9886c3302", "b97607a1a18a5100839aec1dc26a1ea17ee0d93b20b0f008d80a5a050afb200b"]
importlib-resources = ["1dff36d42d94bd523eeb847c25c7dd327cb56686d74a26dfcc8d67c504922d59", "7f0e1b2b5f3981e39c52da0f99b2955353c5a139c314994d1126c2551ace9bdf"]
isort = ["54da7e92468955c4fceacd0c86bd0ec997b0e1ee80d97f67c35a78b719dccab1", "6e811fcb295968434526407adb8796944f1988c5b65e8139058f2014cbe100fd"]
jmespath = ["695cb76fa78a10663425d5b73ddc5714eb711157e52704d69be03b1a02ba4fec", "cca55c8d153173e21baa59983015ad0daf603f9cb799904ff057bfb8ff8dc2d9"]
jsmin = ["b6df99b2cd1c75d9d342e4335b535789b8da9107ec748212706ef7bbe5c2553b"]
kombu = ["2d1cda774126a044d91a7ff5fa6d09edf99f46924ab332a810760fe6740e9b76", "598e7e749d6ab54f646b74b2d2df67755dee13894f73ab02a2a9feb8870c7cb2"]
lazy-object-proxy = ["0c4b206227a8097f05c4dbdd323c50edf81f15db3b8dc064d08c62d37e1a504d", "194d092e6f246b906e8f70884e620e459fc54db3259e60cf69a4d66c3fda3449", "1be7e4c9f96948003609aa6c974ae59830a6baecc5376c25c92d7d697e684c08", "4677f594e474c91da97f489fea5b7daa17b5517190899cf213697e48d3902f5a", "48dab84ebd4831077b150572aec802f303117c8cc5c871e182447281ebf3ac50", "5541cada25cd173702dbd99f8e22434105456314462326f06dba3e180f203dfd", "59f79fef100b09564bc2df42ea2d8d21a64fdcda64979c0fa3db7bdaabaf6239", "8d859b89baf8ef7f8bc6b00aa20316483d67f0b1cbf422f5b4dc56701c8f2ffb", "9254f4358b9b541e3441b007a0ea0764b9d056afdeafc1a5569eee1cc6c1b9ea", "9651375199045a358eb6741df3e02a651e0330be090b3bc79f6d0de31a80ec3e", "97bb5884f6f1cdce0099f86b907aa41c970c3c672ac8b9c8352789e103cf3156", "9b15f3f4c0f35727d3a0fba4b770b3c4ebbb1fa907dbcc046a1d2799f3edd142", "a2238e9d1bb71a56cd710611a1614d1194dc10a175c1e08d75e1a7bcc250d442", "a6ae12d08c0bf9909ce12385803a543bfe99b95fe01e752536a60af2b7797c62", "ca0a928a3ddbc5725be2dd1cf895ec0a254798915fb3a36af0964a0a4149e3db", "cb2c7c57005a6804ab66f106ceb8482da55f5314b7fcb06551db1edae4ad1531", "d74bb8693bf9cf75ac3b47a54d716bbb1a92648d5f781fc799347cfc95952383", "d945239a5639b3ff35b70a88c5f2f491913eb94871780ebfabb2568bd58afc5a", "eba7011090323c1dadf18b3b689845fd96a61ba0a1dfbd7f24b921398affc357", "efa1909120ce98bbb3777e8b6f92237f5d5c8ea6758efea36a473e1d38f7d3e4", "f3900e8a5de27447acbf900b4750b0ddfd7ec1ea7fbaf11dfa911141bc522af0"]
mccabe = ["ab8a6258860da4b6677da4bd2fe5dc2c659cff31b3ee4f7f5d64e79735b80d42", "dd8d182285a0fe56bace7f45b5e7d1a6ebcbf524e8f3bd87eb0f125271b8831f"]
more-itertools = ["5dd8bcf33e5f9513ffa06d5ad33d78f31e1931ac9a18f33d37e77a180d393a7c", "b1ddb932186d8a6ac451e1d95844b382f55e12686d51ca0c68b6f61f2ab7a507"]
nodeenv = ["5b2438f2e42af54ca968dd1b374d14a1194848955187b0e5e4be1f73813a5212"]
packaging = ["3c292b474fda1671ec57d46d739d072bfd495a4f51ad01a055121d81e952b7a3", "82f77b9bee21c1bafbf35a84905d604d5d1223801d639cf3ed140bd651c08752"]
pathspec = ["163b0632d4e31cef212976cf57b43d9fd6b0bac6e67c26015d611a647d5e7424", "562aa70af2e0d434367d9790ad37aed893de47f1693e4201fd1d3dca15d19b96"]
pillow = ["047d9473cf68af50ac85f8ee5d5f21a60f849bc17d348da7fc85711287a75031", "0f66dc6c8a3cc319561a633b6aa82c44107f12594643efa37210d8c924fc1c71", "12c9169c4e8fe0a7329e8658c7e488001f6b4c8e88740e76292c2b857af2e94c", "248cffc168896982f125f5c13e9317c059f74fffdb4152893339f3be62a01340", "27faf0552bf8c260a5cee21a76e031acaea68babb64daf7e8f2e2540745082aa", "285edafad9bc60d96978ed24d77cdc0b91dace88e5da8c548ba5937c425bca8b", "384b12c9aa8ef95558abdcb50aada56d74bc7cc131dd62d28c2d0e4d3aadd573", "38950b3a707f6cef09cd3cbb142474357ad1a985ceb44d921bdf7b4647b3e13e", "4aad1b88933fd6dc2846552b89ad0c74ddbba2f0884e2c162aa368374bf5abab", "4ac6148008c169603070c092e81f88738f1a0c511e07bd2bb0f9ef542d375da9", "4deb1d2a45861ae6f0b12ea0a786a03d19d29edcc7e05775b85ec2877cb54c5e", "59aa2c124df72cc75ed72c8d6005c442d4685691a30c55321e00ed915ad1a291", "5a47d2123a9ec86660fe0e8d0ebf0aa6bc6a17edc63f338b73ea20ba11713f12", "5cc901c2ab9409b4b7ac7b5bcc3e86ac14548627062463da0af3b6b7c555a871", "6c1db03e8dff7b9f955a0fb9907eb9ca5da75b5ce056c0c93d33100a35050281", "7ce80c0a65a6ea90ef9c1f63c8593fcd2929448613fc8da0adf3e6bfad669d08", "809c19241c14433c5d6135e1b6c72da4e3b56d5c865ad5736ab99af8896b8f41", "83792cb4e0b5af480588601467c0764242b9a483caea71ef12d22a0d0d6bdce2", "846fa202bd7ee0f6215c897a1d33238ef071b50766339186687bd9b7a6d26ac5", "9f5529fc02009f96ba95bea48870173426879dc19eec49ca8e08cd63ecd82ddb", "a423c2ea001c6265ed28700df056f75e26215fd28c001e93ef4380b0f05f9547", "ac4428094b42907aba5879c7c000d01c8278d451a3b7cccd2103e21f6397ea75", "b1ae48d87f10d1384e5beecd169c77502fcc04a2c00a4c02b85f0a94b419e5f9", "bf4e972a88f8841d8fdc6db1a75e0f8d763e66e3754b03006cbc3854d89f1cb1", "c6414f6aad598364aaf81068cabb077894eb88fed99c6a65e6e8217bab62ae7a", "c710fcb7ee32f67baf25aa9ffede4795fd5d93b163ce95fdc724383e38c9df96", "c7be4b8a09852291c3c48d3c25d1b876d2494a0a674980089ac9d5e0d78bd132", "c9e5ffb910b14f090ac9c38599063e354887a5f6d7e6d26795e916b4514f2c1a", "e0697b826da6c2472bb6488db4c0a7fa8af0d52fa08833ceb3681358914b14e5", "e9a3edd5f714229d41057d56ac0f39ad9bdba6767e8c888c951869f0bdd129b0"]
pluggy = ["15b2acde666561e1298d71b523007ed7364de07029219b604cf808bfa1c765b0", "966c145cd83c96502c3c3868f50408687b38434af77734af1e9ca461a4081d2d"]
pre-commit = ["09ebe467f43ce24377f8c2f200fe3cd2570d328eb2ce0568c8e96ce19da45fa6", "f8d555e31e2051892c7f7b3ad9f620bd2c09271d87e9eedb2ad831737d6211eb"]
psycopg2 = ["0147e990cef0332e239de711f165b2a5e6feb7c5f8583985d4a3dcac1680a782", "0c68fb507415ce022402244cffe740018c9506367fe2d6323f0b47e2544b6b36", "18c2294c2a0a0df6bb5adfbcae50922b0e75909df8642c9286bf6b867866d181", "26551d8873130b9558628c5f0288bd07b00c3f82f7dbfe0acf3cd7cd45746672", "2a9c4bc78922be9d34a11fc38b75bef122d44f465eaf5f2a44021f7cbda3dfd6", "304304e8efce4077621f9a14cb7e53cdacb4a14ec92f5628204bc4254d4840fb", "32184c60b445ac9eb4a0058d54f7a5dddae6928f94dfa3683157dc5e70321212", "34b7e41d1747b26df3baf5397949cc938261c547f3bce208ffc7826c3897d5ac", "38ff8f65deb947a7499f24ceb5b40db24540027fdf7d927f4d2aab35fbbdd6b0", "3a11a757e61e3eb5dfa334cf0ce86f9fa1919efadbb98af833eaf3bcb90d7e58", "3f64897312a08928e71343fedc2a3812a1c46f03025fe327e5d41e0a7be53ee9", "4004e84c2846badfa1e14ba3cf5b9d7471071c872c1dd6290013c89fa2cc63b1", "4cae3856e9b41a4861ad32fd8a4aabc7669a0b828776bb3ce0ca29333dabf40c", "6b26f9ec7a0c5ca1b3528918caeb3c73bfceaced3fdea59d045c886cc2c43344", "74ee532d6068a1456d5eda254513656c716cdee0a7389c91c094c7ce3500a9c9", "86c9355f5374b008c8479bc00023b295c07d508f7c3b91dbd2e74f8925b1d9c6", "8f57535a377c23a78d5a8bbe929ec6977adb3e137fa42500436c784c60141613", "905764e8d1557e536c9fac35d412a21ad87b558e794104437bf4012a83438ed2", "911af115bb526b3a5d2f50e05096afc05e3867f55f24532b4a70811e63deab57", "9c9fe11f87c44e83620b2273f40338e3c25fdbfd34986dddc77e840e0acd25bc", "9f9de8b5e1b0b648bf4535b721a58eaccf92f747cd8d94380171a36f18553601", "a14bd664f4db452612688e8031fdf74da489cb042d78d49f2bbfcfa97aae135d", "ad0e145952e2e91aa1d80c4b9bd8ba9059f39b3538da7b1133b2ed84eb132ed3", "b4f24faa25232073092d246fc6118c29130c8a5bcc8fd4239edeba20fb12b24a", "ba6f4786262b4999f9cca420827469c88a79e1f65dabf6bb8a300518f7e11472", "bf48be2d01f6e34e5fbd8976f7b66158a83a33b92739acd13fc1934c60b71cfb", "ccd55766033411206d700bcd11e064081f784f256c4d4f6883dca4c3bde21ae2", "d2e98ff1546c632c29f740a938ba6e29d327ef55f3e816dd43c1e4e7d8cd369a", "f04d56f664108af9571d278c0ed942ecef0dd3e072fe21ac8c7497a51bfcdfba", "f1f6d1b0ab40e8d43e294c7a1cc6fe6d47a88225583e581c15e8bfcff04b3863", "f4cc27830081147ebca6eb729329c64b7f8e92e415733aa26705dd9f03303038"]
py = ["5e27081401262157467ad6e7f851b7aa402c5852dbcb3dae06768434de5752aa", "c20fdd83a5dbc0af9efd622bee9a5564e278f6380fffcacc43ba6f43db2813b0"]
pyasn1 = ["014c0e9976956a08139dc0712ae195324a75e142284d5f87f1a87ee1b068a359", "03840c999ba71680a131cfaee6fab142e1ed9bbd9c693e285cc6aca0d555e576", "0458773cfe65b153891ac249bcf1b5f8f320b7c2ce462151f8fa74de8934becf", "08c3c53b75eaa48d71cf8c710312316392ed40899cb34710d092e96745a358b7", "39c7e2ec30515947ff4e87fb6f456dfc6e84857d34be479c9d4a4ba4bf46aa5d", "5c9414dcfede6e441f7e8f81b43b34e834731003427e5b09e4e00e3172a10f00", "6e7545f1a61025a4e58bb336952c5061697da694db1cae97b116e9c46abcf7c8", "78fa6da68ed2727915c4767bb386ab32cdba863caa7dbe473eaae45f9959da86", "7ab8a544af125fb704feadb008c99a88805126fb525280b2270bb25cc1d78a12", "99fcc3c8d804d1bc6d9a099921e39d827026409a58f2a720dcdb89374ea0c776", "aef77c9fb94a3ac588e87841208bdec464471d9871bd5050a287cc9a475cd0ba", "e89bf84b5437b532b0803ba5c9a5e054d21fec423a89952a74f87fa2c9b7bce2", "fec3e9d8e36808a28efb59b489e4528c10ad0f480e57dcc32b4de5c9d8c9fdf3"]
pyflakes = ["17dbeb2e3f4d772725c777fabc446d5634d1038f234e77343108ce445ea69ce0", "d976835886f8c5b31d47970ed689944a0262b5f3afa00a5a7b4dc81e5449f8a2"]
pylint = ["3db5468ad013380e987410a8d6956226963aed94ecb5f9d3a28acca6d9ac36cd", "886e6afc935ea2590b462664b161ca9a5e40168ea99e5300935f6591ad467df4"]
pyparsing = ["4c830582a84fb022400b85429791bc551f1f4871c33f23e44f353119e92f969f", "c342dccb5250c08d45fd6f8b4a559613ca603b57498511740e65cd11a2e7dcec"]
pytest = ["0d5fe9189a148acc3c3eb2ac8e1ac0742cb7618c084f3d228baaec0c254b318d", "ff615c761e25eb25df19edddc0b970302d2a9091fbce0e7213298d85fb61fef6"]
pytest-cov = ["cc6742d8bac45070217169f5f72ceee1e0e55b0221f54bcf24845972d3a47f2b", "cdbdef4f870408ebdbfeb44e63e07eb18bb4619fae852f6e760645fa36172626"]
pytest-datadir = ["1847ed0efe0bc54cac40ab3fba6d651c2f03d18dd01f2a582979604d32e7621e", "d3af1e738df87515ee509d6135780f25a15959766d9c2b2dbe02bf4fb979cb18"]
pytest-env = ["7e94956aef7f2764f3c147d216ce066bf6c42948bb9e293169b1b1c880a580c2"]
pytest-ordering = ["27fba3fc265f5d0f8597e7557885662c1bdc1969497cd58aff6ed21c3b617de2", "3f314a178dbeb6777509548727dc69edf22d6d9a2867bf2d310ab85c403380b6", "561ad653626bb171da78e682f6d39ac33bb13b3e272d406cd555adb6b006bda6"]
pytest-regressions = ["38972758b6e62058df79bc8480d3e0f4134bb0be848c135d4840f3ebebb63985", "543d504d0cc4da4063e345d84832f7a4f61bb974611aa1a5a5ec63afe28606c7"]
pytest-testmon = ["e79852203894bbd5a6adb7e0541316c0a3a84322e9766f746ed6b8b62f9897d9", "fdb016d953036051d1ef0e36569b7168cefa4914014789a65a4ffefc87f85ac5"]
python-dateutil = ["73ebfe9dbf22e832286dafa60473e4cd239f8592f699aa5adaf10050e6e1823c", "75bb3f31ea686f1197762692a9ee6a7550b59fc6ca3a1f4b5d7e32fb98e2da2a"]
pytz = ["1c557d7d0e871de1f5ccd5833f60fb2550652da6be2693c1e02300743d21500d", "b02c06db6cf09c12dd25137e563b31700d3b80fcc4ad23abb7a315f2789819be"]
pyyaml = ["0e7f69397d53155e55d10ff68fdfb2cf630a35e6daf65cf0bdeaf04f127c09dc", "2e9f0b7c5914367b0916c3c104a024bb68f269a486b9d04a2e8ac6f6597b7803", "35ace9b4147848cafac3db142795ee42deebe9d0dad885ce643928e88daebdcc", "38a4f0d114101c58c0f3a88aeaa44d63efd588845c5a2df5290b73db8f246d15", "483eb6a33b671408c8529106df3707270bfacb2447bf8ad856a4b4f57f6e3075", "4b6be5edb9f6bb73680f5bf4ee08ff25416d1400fbd4535fe0069b2994da07cd", "7f38e35c00e160db592091751d385cd7b3046d6d51f578b29943225178257b31", "8100c896ecb361794d8bfdb9c11fce618c7cf83d624d73d5ab38aef3bc82d43f", "c0ee8eca2c582d29c3c2ec6e2c4f703d1b7f1fb10bc72317355a746057e7346c", "e4c015484ff0ff197564917b4b4246ca03f411b9bd7f16e02a2f586eb48b6d04", "ebc4ed52dcc93eeebeae5cf5deb2ae4347b3a81c3fa12b0b8c976544829396a4"]
redis = ["0dcfb335921b88a850d461dc255ff4708294943322bd55de6cfd68972490ca1f", "b205cffd05ebfd0a468db74f0eedbff8df1a7bfc47521516ade4692991bb0833"]
regex = ["01b2d70cbaed11f72e57c1cfbaca71b02e3b98f739ce33f5f26f71859ad90431", "046e83a8b160aff37e7034139a336b660b01dbfe58706f9d73f5cdc6b3460242", "113309e819634f499d0006f6200700c8209a2a8bf6bd1bdc863a4d9d6776a5d1", "200539b5124bc4721247a823a47d116a7a23e62cc6695744e3eb5454a8888e6d", "25f4ce26b68425b80a233ce7b6218743c71cf7297dbe02feab1d711a2bf90045", "269f0c5ff23639316b29f31df199f401e4cb87529eafff0c76828071635d417b", "5de40649d4f88a15c9489ed37f88f053c15400257eeb18425ac7ed0a4e119400", "7f78f963e62a61e294adb6ff5db901b629ef78cb2a1cfce3cf4eeba80c1c67aa", "82469a0c1330a4beb3d42568f82dffa32226ced006e0b063719468dcd40ffdf0", "8c2b7fa4d72781577ac45ab658da44c7518e6d96e2a50d04ecb0fd8f28b21d69", "974535648f31c2b712a6b2595969f8ab370834080e00ab24e5dbb9d19b8bfb74", "99272d6b6a68c7ae4391908fc15f6b8c9a6c345a46b632d7fdb7ef6c883a2bbb", "9b64a4cc825ec4df262050c17e18f60252cdd94742b4ba1286bcfe481f1c0f26", "9e9624440d754733eddbcd4614378c18713d2d9d0dc647cf9c72f64e39671be5", "9ff16d994309b26a1cdf666a6309c1ef51ad4f72f99d3392bcd7b7139577a1f2", "b33ebcd0222c1d77e61dbcd04a9fd139359bded86803063d3d2d197b796c63ce", "bba52d72e16a554d1894a0cc74041da50eea99a8483e591a9edf1025a66843ab", "bed7986547ce54d230fd8721aba6fd19459cdc6d315497b98686d0416efaff4e", "c7f58a0e0e13fb44623b65b01052dae8e820ed9b8b654bb6296bc9c41f571b70", "d58a4fa7910102500722defbde6e2816b0372a4fcc85c7e239323767c74f5cbc", "f1ac2dc65105a53c1c2d72b1d3e98c2464a133b4067a51a3d2477b28449709a0"]
rsa = ["25df4e10c263fb88b5ace923dd84bf9aa7f5019687b5e55382ffcdb8bede9db5", "43f682fea81c452c98d09fc316aae12de6d30c4b5c84226642cf8f8fd1c93abd"]
s3transfer = ["6efc926738a3cd576c2a79725fed9afde92378aa5c6a957e3af010cb019fac9d", "b780f2411b824cb541dbcd2c713d0cb61c7d1bcadae204cdddda2b35cef493ba"]
setuptools-scm = ["0a376ca6f48dfe35d2c2bba246751830247b145aec7b7fb81a52091d04226ce2", "0d23db3d43e0a43eb7196bcf0eb8a4a2eb0561f621ed7ec44b2fdccfd907e38f", "5bdf21a05792903cafe7ae0c9501182ab52497614fa6b1750d9dbae7b60c1a87", "783c143363091d3cc0d94766a9a14cdfc7ba8d29741004b6fa806ada7a8bf211", "8a8b4109ee1a114f9ee8f7a83836284cb6429d481bd93daf64908a3d64c7c56e", "e39c234058c25b529739c516651cde028960812ea4a35ee31ab623e9a62b10c8", "fa6511072840d7eaad3ea36cc8849f437fefd85b32499a7f6026cba16ebbf63a"]
six = ["236bdbdce46e6e6a3d61a337c0f8b763ca1e8717c03b369e87a7ec7ce1319c0a", "8f3cd2e254d8f793e7f3d6d9df77b92252b52637291d0f0da013c76ea2724b6c"]
sqlparse = ["022fb9c87b524d1f7862b3037e541f68597a730a8843245c349fc93e1643dc4e", "e162203737712307dfe78860cc56c8da8a852ab2ee33750e33aeadf38d12c548"]
toml = ["229f81c57791a41d65e399fc06bf0848bab550a9dfd5ed66df18ce5f05e73d5c", "235682dd292d5899d361a811df37e04a8828a5b1da3115886b73cf81ebc9100e", "f1db651f9657708513243e61e6cc67d101a39bad662eaa9b5546f789338e07a3"]
typed-ast = ["0666aa36131496aed8f7be0410ff974562ab7eeac11ef351def9ea6fa28f6355", "0c2c07682d61a629b68433afb159376e24e5b2fd4641d35424e462169c0a7919", "249862707802d40f7f29f6e1aad8d84b5aa9e44552d2cc17384b209f091276aa", "24995c843eb0ad11a4527b026b4dde3da70e1f2d8806c99b7b4a7cf491612652", "269151951236b0f9a6f04015a9004084a5ab0d5f19b57de779f908621e7d8b75", "4083861b0aa07990b619bd7ddc365eb7fa4b817e99cf5f8d9cf21a42780f6e01", "498b0f36cc7054c1fead3d7fc59d2150f4d5c6c56ba7fb150c013fbc683a8d2d", "4e3e5da80ccbebfff202a67bf900d081906c358ccc3d5e3c8aea42fdfdfd51c1", "6daac9731f172c2a22ade6ed0c00197ee7cc1221aa84cfdf9c31defeb059a907", "715ff2f2df46121071622063fc7543d9b1fd19ebfc4f5c8895af64a77a8c852c", "73d785a950fc82dd2a25897d525d003f6378d1cb23ab305578394694202a58c3", "8c8aaad94455178e3187ab22c8b01a3837f8ee50e09cf31f1ba129eb293ec30b", "8ce678dbaf790dbdb3eba24056d5364fb45944f33553dd5869b7580cdbb83614", "aaee9905aee35ba5905cfb3c62f3e83b3bec7b39413f0a7f19be4e547ea01ebb", "bcd3b13b56ea479b3650b82cabd6b5343a625b0ced5429e4ccad28a8973f301b", "c9e348e02e4d2b4a8b2eedb48210430658df6951fa484e59de33ff773fbd4b41", "d205b1b46085271b4e15f670058ce182bd1199e56b317bf2ec004b6a44f911f6", "d43943ef777f9a1c42bf4e552ba23ac77a6351de620aa9acf64ad54933ad4d34", "d5d33e9e7af3b34a40dc05f498939f0ebf187f07c385fd58d591c533ad8562fe", "fc0fea399acb12edbf8a628ba8d2312f583bdbdb3335635db062fa98cf71fca4", "fe460b922ec15dd205595c9b5b99e2f056fd98ae8f9f56b888e7a17dc2b757e7"]
urllib3 = ["2f3db8b19923a873b3e5256dc9c2dedfa883e33d87c690d9c7913e1f40673cdc", "87716c2d2a7121198ebcb7ce7cccf6ce5e9ba539041cfbaeecfb641dc0bf6acc"]
vine = ["133ee6d7a9016f177ddeaf191c1f58421a1dcc6ee9a42c58b34bed40e1d2cd87", "ea4947cc56d1fd6f2095c8d543ee25dad966f78692528e68b4fada11ba3f98af"]
virtualenv = ["0c04c7e8e0314470b4c2b43740ff68be1c62bb3fdef8309341ff1daea60d49d1", "1f0369d068d9761b5c1ed7b44dad1ec124727eb10bc7f4aaefbba0cdca3bd924"]
wcwidth = ["8fd29383f539be45b20bd4df0dc29c20ba48654a41e661925e612311e9f3c603", "f28b3e8a6483e5d49e7f8949ac1a78314e740333ae305b4ba5defd3e74fb37a8"]
wrapt = ["565a021fd19419476b9362b05eeaa094178de64f8361e44468f9e9d7843901e1"]
zipp = ["aa36550ff0c0b7ef7fa639055d797116ee891440eac1a56f378e2d3179e0320b", "c599e4d75c98f6798c509911d08a22e6c021d074469042177c8c86fb92eefd96"]
