dependencies:
- name: postgresql
  repository: https://charts.bitnami.com/bitnami
  version: 8.3.3
- name: redis
  repository: https://charts.bitnami.com/bitnami
  version: 10.5.14
digest: sha256:f4aa8a86f78ba1d128b62901bee711f2b0ce5614a1ce3b21b309e839bbe549e5
generated: "2020-06-04T11:47:52.383618+02:00"
